
Microsoft Visual Studio Solution File, Format Version 12.00
# Visual Studio Version 16
VisualStudioVersion = 16.0.29926.136
MinimumVisualStudioVersion = 10.0.40219.1
Project("{9A19103F-16F7-4668-BE54-9A1E7A4F7556}") = "Menees.Analyzers", "src\Menees.Analyzers\Menees.Analyzers.csproj", "{90E84A5B-88A9-4593-AD6F-4817306010C1}"
EndProject
Project("{9A19103F-16F7-4668-BE54-9A1E7A4F7556}") = "Menees.Analyzers.CodeFixes", "src\Menees.Analyzers.CodeFixes\Menees.Analyzers.CodeFixes.csproj", "{06C65401-2726-4587-9D7A-6474831A2216}"
EndProject
Project("{FAE04EC0-301F-11D3-BF4B-00C04F79EFBC}") = "Menees.Analyzers.Vsix", "src\Menees.Analyzers.Vsix\Menees.Analyzers.Vsix.csproj", "{14881A76-ED06-4C1F-8EF9-D8544E11A64C}"
EndProject
Project("{2150E333-8FDC-42A3-9474-1A3956D46DE8}") = "Solution Items", "Solution Items", "{FDA2C070-A454-4E6A-815F-949D20F626ED}"
	ProjectSection(SolutionItems) = preProject
		.editorconfig = .editorconfig
		README.md = README.md
	EndProjectSection
EndProject
Project("{9A19103F-16F7-4668-BE54-9A1E7A4F7556}") = "Menees.Analyzers.Test", "tests\Menees.Analyzers.Test\Menees.Analyzers.Test.csproj", "{F3A1CFFA-FC9E-4C1D-9135-8590700D15F3}"
EndProject
Project("{2150E333-8FDC-42A3-9474-1A3956D46DE8}") = "Src", "Src", "{DAA101E1-5465-43CF-8108-C7AE636D6112}"
	ProjectSection(SolutionItems) = preProject
		src\Analyzers.ruleset = src\Analyzers.ruleset
		src\Directory.Build.props = src\Directory.Build.props
	EndProjectSection
EndProject
Global
	GlobalSection(SolutionConfigurationPlatforms) = preSolution
		Debug|Any CPU = Debug|Any CPU
		Release|Any CPU = Release|Any CPU
	EndGlobalSection
	GlobalSection(ProjectConfigurationPlatforms) = postSolution
		{90E84A5B-88A9-4593-AD6F-4817306010C1}.Debug|Any CPU.ActiveCfg = Debug|Any CPU
		{90E84A5B-88A9-4593-AD6F-4817306010C1}.Debug|Any CPU.Build.0 = Debug|Any CPU
		{90E84A5B-88A9-4593-AD6F-4817306010C1}.Release|Any CPU.ActiveCfg = Release|Any CPU
		{90E84A5B-88A9-4593-AD6F-4817306010C1}.Release|Any CPU.Build.0 = Release|Any CPU
		{06C65401-2726-4587-9D7A-6474831A2216}.Debug|Any CPU.ActiveCfg = Debug|Any CPU
		{06C65401-2726-4587-9D7A-6474831A2216}.Debug|Any CPU.Build.0 = Debug|Any CPU
		{06C65401-2726-4587-9D7A-6474831A2216}.Release|Any CPU.ActiveCfg = Release|Any CPU
		{06C65401-2726-4587-9D7A-6474831A2216}.Release|Any CPU.Build.0 = Release|Any CPU
		{14881A76-ED06-4C1F-8EF9-D8544E11A64C}.Debug|Any CPU.ActiveCfg = Debug|Any CPU
		{14881A76-ED06-4C1F-8EF9-D8544E11A64C}.Debug|Any CPU.Build.0 = Debug|Any CPU
		{14881A76-ED06-4C1F-8EF9-D8544E11A64C}.Release|Any CPU.ActiveCfg = Release|Any CPU
		{14881A76-ED06-4C1F-8EF9-D8544E11A64C}.Release|Any CPU.Build.0 = Release|Any CPU
		{F3A1CFFA-FC9E-4C1D-9135-8590700D15F3}.Debug|Any CPU.ActiveCfg = Debug|Any CPU
		{F3A1CFFA-FC9E-4C1D-9135-8590700D15F3}.Debug|Any CPU.Build.0 = Debug|Any CPU
		{F3A1CFFA-FC9E-4C1D-9135-8590700D15F3}.Release|Any CPU.ActiveCfg = Release|Any CPU
		{F3A1CFFA-FC9E-4C1D-9135-8590700D15F3}.Release|Any CPU.Build.0 = Release|Any CPU
	EndGlobalSection
	GlobalSection(SolutionProperties) = preSolution
		HideSolutionNode = FALSE
	EndGlobalSection
	GlobalSection(ExtensibilityGlobals) = postSolution
		SolutionGuid = {0C6074F9-3572-4949-8614-85FA09A0B3ED}
	EndGlobalSection
EndGlobal
